// !$*UTF8*$!
{
	archiveVersion = 1;
	classes = {
	};
	objectVersion = 48;
	objects = {

/* Begin PBXBuildFile section */
		3379821A2853784C83218C6C /* Pods_FlixUITests.framework in Frameworks */ = {isa = PBXBuildFile; fileRef = 505F45D144EB5EE2C4E83410 /* Pods_FlixUITests.framework */; };
		6C30D8D7E63F7ADAAF2CE27D /* Pods_FlixTests.framework in Frameworks */ = {isa = PBXBuildFile; fileRef = 070D2DFB318B701A64F32F78 /* Pods_FlixTests.framework */; };
		E347EC10200465B500C3E51E /* AppDelegate.swift in Sources */ = {isa = PBXBuildFile; fileRef = E347EC0F200465B500C3E51E /* AppDelegate.swift */; };
		E347EC12200465B500C3E51E /* ViewController.swift in Sources */ = {isa = PBXBuildFile; fileRef = E347EC11200465B500C3E51E /* ViewController.swift */; };
		E347EC15200465B500C3E51E /* Main.storyboard in Resources */ = {isa = PBXBuildFile; fileRef = E347EC13200465B500C3E51E /* Main.storyboard */; };
		E347EC17200465B500C3E51E /* Assets.xcassets in Resources */ = {isa = PBXBuildFile; fileRef = E347EC16200465B500C3E51E /* Assets.xcassets */; };
		E347EC1A200465B500C3E51E /* LaunchScreen.storyboard in Resources */ = {isa = PBXBuildFile; fileRef = E347EC18200465B500C3E51E /* LaunchScreen.storyboard */; };
		E347EC25200465B500C3E51E /* FlixTests.swift in Sources */ = {isa = PBXBuildFile; fileRef = E347EC24200465B500C3E51E /* FlixTests.swift */; };
		E347EC30200465B500C3E51E /* FlixUITests.swift in Sources */ = {isa = PBXBuildFile; fileRef = E347EC2F200465B500C3E51E /* FlixUITests.swift */; };
		E347EC3E20046D0200C3E51E /* MovieCell.swift in Sources */ = {isa = PBXBuildFile; fileRef = E347EC3D20046D0200C3E51E /* MovieCell.swift */; };
		E3A36AD92013EBDE00DCAC28 /* PosterCell.swift in Sources */ = {isa = PBXBuildFile; fileRef = E3A36AD82013EBDE00DCAC28 /* PosterCell.swift */; };
		E3A36ADB2013EC7B00DCAC28 /* SuperheroViewController.swift in Sources */ = {isa = PBXBuildFile; fileRef = E3A36ADA2013EC7B00DCAC28 /* SuperheroViewController.swift */; };
		E3A36ADD201469E900DCAC28 /* TrailerViewController.swift in Sources */ = {isa = PBXBuildFile; fileRef = E3A36ADC201469E900DCAC28 /* TrailerViewController.swift */; };
		E3B611D5200EF32200D38A33 /* DetailViewController.swift in Sources */ = {isa = PBXBuildFile; fileRef = E3B611D4200EF32200D38A33 /* DetailViewController.swift */; };
		EAC5E5E4719CDCC35380E38E /* Pods_Flix.framework in Frameworks */ = {isa = PBXBuildFile; fileRef = 574CB831181C5B86910375F8 /* Pods_Flix.framework */; };
/* End PBXBuildFile section */

/* Begin PBXContainerItemProxy section */
		E347EC21200465B500C3E51E /* PBXContainerItemProxy */ = {
			isa = PBXContainerItemProxy;
			containerPortal = E347EC04200465B500C3E51E /* Project object */;
			proxyType = 1;
			remoteGlobalIDString = E347EC0B200465B500C3E51E;
			remoteInfo = Flix;
		};
		E347EC2C200465B500C3E51E /* PBXContainerItemProxy */ = {
			isa = PBXContainerItemProxy;
			containerPortal = E347EC04200465B500C3E51E /* Project object */;
			proxyType = 1;
			remoteGlobalIDString = E347EC0B200465B500C3E51E;
			remoteInfo = Flix;
		};
/* End PBXContainerItemProxy section */

/* Begin PBXFileReference section */
		057D57E2D2ADC5553446DC0E /* Pods-Flix.release.xcconfig */ = {isa = PBXFileReference; includeInIndex = 1; lastKnownFileType = text.xcconfig; name = "Pods-Flix.release.xcconfig"; path = "Pods/Target Support Files/Pods-Flix/Pods-Flix.release.xcconfig"; sourceTree = "<group>"; };
		070D2DFB318B701A64F32F78 /* Pods_FlixTests.framework */ = {isa = PBXFileReference; explicitFileType = wrapper.framework; includeInIndex = 0; path = Pods_FlixTests.framework; sourceTree = BUILT_PRODUCTS_DIR; };
		4514A5A67E3F5055CF2E9491 /* Pods-Flix.debug.xcconfig */ = {isa = PBXFileReference; includeInIndex = 1; lastKnownFileType = text.xcconfig; name = "Pods-Flix.debug.xcconfig"; path = "Pods/Target Support Files/Pods-Flix/Pods-Flix.debug.xcconfig"; sourceTree = "<group>"; };
		505F45D144EB5EE2C4E83410 /* Pods_FlixUITests.framework */ = {isa = PBXFileReference; explicitFileType = wrapper.framework; includeInIndex = 0; path = Pods_FlixUITests.framework; sourceTree = BUILT_PRODUCTS_DIR; };
		574CB831181C5B86910375F8 /* Pods_Flix.framework */ = {isa = PBXFileReference; explicitFileType = wrapper.framework; includeInIndex = 0; path = Pods_Flix.framework; sourceTree = BUILT_PRODUCTS_DIR; };
		6FB65F13E92D1CFFA1A0EF61 /* Pods-FlixTests.release.xcconfig */ = {isa = PBXFileReference; includeInIndex = 1; lastKnownFileType = text.xcconfig; name = "Pods-FlixTests.release.xcconfig"; path = "Pods/Target Support Files/Pods-FlixTests/Pods-FlixTests.release.xcconfig"; sourceTree = "<group>"; };
		9DCB2B08133796B77C5F86E6 /* Pods-FlixUITests.release.xcconfig */ = {isa = PBXFileReference; includeInIndex = 1; lastKnownFileType = text.xcconfig; name = "Pods-FlixUITests.release.xcconfig"; path = "Pods/Target Support Files/Pods-FlixUITests/Pods-FlixUITests.release.xcconfig"; sourceTree = "<group>"; };
		A37F70CD5005C7898FAC3885 /* Pods-FlixUITests.debug.xcconfig */ = {isa = PBXFileReference; includeInIndex = 1; lastKnownFileType = text.xcconfig; name = "Pods-FlixUITests.debug.xcconfig"; path = "Pods/Target Support Files/Pods-FlixUITests/Pods-FlixUITests.debug.xcconfig"; sourceTree = "<group>"; };
		E33F13E720147394003B61D8 /* Flix-Bridging-Header.h */ = {isa = PBXFileReference; lastKnownFileType = sourcecode.c.h; path = "Flix-Bridging-Header.h"; sourceTree = "<group>"; };
		E347EC0C200465B500C3E51E /* Flix.app */ = {isa = PBXFileReference; explicitFileType = wrapper.application; includeInIndex = 0; path = Flix.app; sourceTree = BUILT_PRODUCTS_DIR; };
		E347EC0F200465B500C3E51E /* AppDelegate.swift */ = {isa = PBXFileReference; lastKnownFileType = sourcecode.swift; path = AppDelegate.swift; sourceTree = "<group>"; };
		E347EC11200465B500C3E51E /* ViewController.swift */ = {isa = PBXFileReference; lastKnownFileType = sourcecode.swift; path = ViewController.swift; sourceTree = "<group>"; };
		E347EC14200465B500C3E51E /* Base */ = {isa = PBXFileReference; lastKnownFileType = file.storyboard; name = Base; path = Base.lproj/Main.storyboard; sourceTree = "<group>"; };
		E347EC16200465B500C3E51E /* Assets.xcassets */ = {isa = PBXFileReference; lastKnownFileType = folder.assetcatalog; path = Assets.xcassets; sourceTree = "<group>"; };
		E347EC19200465B500C3E51E /* Base */ = {isa = PBXFileReference; lastKnownFileType = file.storyboard; name = Base; path = Base.lproj/LaunchScreen.storyboard; sourceTree = "<group>"; };
		E347EC1B200465B500C3E51E /* Info.plist */ = {isa = PBXFileReference; lastKnownFileType = text.plist.xml; path = Info.plist; sourceTree = "<group>"; };
		E347EC20200465B500C3E51E /* FlixTests.xctest */ = {isa = PBXFileReference; explicitFileType = wrapper.cfbundle; includeInIndex = 0; path = FlixTests.xctest; sourceTree = BUILT_PRODUCTS_DIR; };
		E347EC24200465B500C3E51E /* FlixTests.swift */ = {isa = PBXFileReference; lastKnownFileType = sourcecode.swift; path = FlixTests.swift; sourceTree = "<group>"; };
		E347EC26200465B500C3E51E /* Info.plist */ = {isa = PBXFileReference; lastKnownFileType = text.plist.xml; path = Info.plist; sourceTree = "<group>"; };
		E347EC2B200465B500C3E51E /* FlixUITests.xctest */ = {isa = PBXFileReference; explicitFileType = wrapper.cfbundle; includeInIndex = 0; path = FlixUITests.xctest; sourceTree = BUILT_PRODUCTS_DIR; };
		E347EC2F200465B500C3E51E /* FlixUITests.swift */ = {isa = PBXFileReference; lastKnownFileType = sourcecode.swift; path = FlixUITests.swift; sourceTree = "<group>"; };
		E347EC31200465B500C3E51E /* Info.plist */ = {isa = PBXFileReference; lastKnownFileType = text.plist.xml; path = Info.plist; sourceTree = "<group>"; };
		E347EC3D20046D0200C3E51E /* MovieCell.swift */ = {isa = PBXFileReference; lastKnownFileType = sourcecode.swift; path = MovieCell.swift; sourceTree = "<group>"; };
		E3A36AD82013EBDE00DCAC28 /* PosterCell.swift */ = {isa = PBXFileReference; lastKnownFileType = sourcecode.swift; path = PosterCell.swift; sourceTree = "<group>"; };
		E3A36ADA2013EC7B00DCAC28 /* SuperheroViewController.swift */ = {isa = PBXFileReference; lastKnownFileType = sourcecode.swift; path = SuperheroViewController.swift; sourceTree = "<group>"; };
		E3A36ADC201469E900DCAC28 /* TrailerViewController.swift */ = {isa = PBXFileReference; lastKnownFileType = sourcecode.swift; path = TrailerViewController.swift; sourceTree = "<group>"; };
		E3B611D4200EF32200D38A33 /* DetailViewController.swift */ = {isa = PBXFileReference; lastKnownFileType = sourcecode.swift; path = DetailViewController.swift; sourceTree = "<group>"; };
		E95BB1FD7BB77514D2910E5F /* Pods-FlixTests.debug.xcconfig */ = {isa = PBXFileReference; includeInIndex = 1; lastKnownFileType = text.xcconfig; name = "Pods-FlixTests.debug.xcconfig"; path = "Pods/Target Support Files/Pods-FlixTests/Pods-FlixTests.debug.xcconfig"; sourceTree = "<group>"; };
/* End PBXFileReference section */

/* Begin PBXFrameworksBuildPhase section */
		E347EC09200465B500C3E51E /* Frameworks */ = {
			isa = PBXFrameworksBuildPhase;
			buildActionMask = 2147483647;
			files = (
				EAC5E5E4719CDCC35380E38E /* Pods_Flix.framework in Frameworks */,
			);
			runOnlyForDeploymentPostprocessing = 0;
		};
		E347EC1D200465B500C3E51E /* Frameworks */ = {
			isa = PBXFrameworksBuildPhase;
			buildActionMask = 2147483647;
			files = (
				6C30D8D7E63F7ADAAF2CE27D /* Pods_FlixTests.framework in Frameworks */,
			);
			runOnlyForDeploymentPostprocessing = 0;
		};
		E347EC28200465B500C3E51E /* Frameworks */ = {
			isa = PBXFrameworksBuildPhase;
			buildActionMask = 2147483647;
			files = (
				3379821A2853784C83218C6C /* Pods_FlixUITests.framework in Frameworks */,
			);
			runOnlyForDeploymentPostprocessing = 0;
		};
/* End PBXFrameworksBuildPhase section */

/* Begin PBXGroup section */
		53505EA5C3378D762D2169C7 /* Pods */ = {
			isa = PBXGroup;
			children = (
				4514A5A67E3F5055CF2E9491 /* Pods-Flix.debug.xcconfig */,
				057D57E2D2ADC5553446DC0E /* Pods-Flix.release.xcconfig */,
				E95BB1FD7BB77514D2910E5F /* Pods-FlixTests.debug.xcconfig */,
				6FB65F13E92D1CFFA1A0EF61 /* Pods-FlixTests.release.xcconfig */,
				A37F70CD5005C7898FAC3885 /* Pods-FlixUITests.debug.xcconfig */,
				9DCB2B08133796B77C5F86E6 /* Pods-FlixUITests.release.xcconfig */,
			);
			name = Pods;
			sourceTree = "<group>";
		};
		785F1C28DCF342315860111D /* Frameworks */ = {
			isa = PBXGroup;
			children = (
				574CB831181C5B86910375F8 /* Pods_Flix.framework */,
				070D2DFB318B701A64F32F78 /* Pods_FlixTests.framework */,
				505F45D144EB5EE2C4E83410 /* Pods_FlixUITests.framework */,
			);
			name = Frameworks;
			sourceTree = "<group>";
		};
		E347EC03200465B500C3E51E = {
			isa = PBXGroup;
			children = (
				E347EC0E200465B500C3E51E /* Flix */,
				E347EC23200465B500C3E51E /* FlixTests */,
				E347EC2E200465B500C3E51E /* FlixUITests */,
				E347EC0D200465B500C3E51E /* Products */,
				53505EA5C3378D762D2169C7 /* Pods */,
				785F1C28DCF342315860111D /* Frameworks */,
			);
			sourceTree = "<group>";
		};
		E347EC0D200465B500C3E51E /* Products */ = {
			isa = PBXGroup;
			children = (
				E347EC0C200465B500C3E51E /* Flix.app */,
				E347EC20200465B500C3E51E /* FlixTests.xctest */,
				E347EC2B200465B500C3E51E /* FlixUITests.xctest */,
			);
			name = Products;
			sourceTree = "<group>";
		};
		E347EC0E200465B500C3E51E /* Flix */ = {
			isa = PBXGroup;
			children = (
				E3B611D6200EF32C00D38A33 /* Views */,
				E3B611D3200EF2BD00D38A33 /* ViewControllers */,
				E347EC0F200465B500C3E51E /* AppDelegate.swift */,
				E347EC13200465B500C3E51E /* Main.storyboard */,
				E347EC16200465B500C3E51E /* Assets.xcassets */,
				E347EC18200465B500C3E51E /* LaunchScreen.storyboard */,
				E347EC1B200465B500C3E51E /* Info.plist */,
				E33F13E720147394003B61D8 /* Flix-Bridging-Header.h */,
			);
			path = Flix;
			sourceTree = "<group>";
		};
		E347EC23200465B500C3E51E /* FlixTests */ = {
			isa = PBXGroup;
			children = (
				E347EC24200465B500C3E51E /* FlixTests.swift */,
				E347EC26200465B500C3E51E /* Info.plist */,
			);
			path = FlixTests;
			sourceTree = "<group>";
		};
		E347EC2E200465B500C3E51E /* FlixUITests */ = {
			isa = PBXGroup;
			children = (
				E347EC2F200465B500C3E51E /* FlixUITests.swift */,
				E347EC31200465B500C3E51E /* Info.plist */,
			);
			path = FlixUITests;
			sourceTree = "<group>";
		};
		E3B611D3200EF2BD00D38A33 /* ViewControllers */ = {
			isa = PBXGroup;
			children = (
				E347EC11200465B500C3E51E /* ViewController.swift */,
				E3B611D4200EF32200D38A33 /* DetailViewController.swift */,
				E3A36ADA2013EC7B00DCAC28 /* SuperheroViewController.swift */,
				E3A36ADC201469E900DCAC28 /* TrailerViewController.swift */,
			);
			path = ViewControllers;
			sourceTree = "<group>";
		};
		E3B611D6200EF32C00D38A33 /* Views */ = {
			isa = PBXGroup;
			children = (
				E347EC3D20046D0200C3E51E /* MovieCell.swift */,
				E3A36AD82013EBDE00DCAC28 /* PosterCell.swift */,
			);
			path = Views;
			sourceTree = "<group>";
		};
/* End PBXGroup section */

/* Begin PBXNativeTarget section */
		E347EC0B200465B500C3E51E /* Flix */ = {
			isa = PBXNativeTarget;
			buildConfigurationList = E347EC34200465B500C3E51E /* Build configuration list for PBXNativeTarget "Flix" */;
			buildPhases = (
				F648506CD1E39C7BE0CEF29D /* [CP] Check Pods Manifest.lock */,
				E347EC08200465B500C3E51E /* Sources */,
				E347EC09200465B500C3E51E /* Frameworks */,
				E347EC0A200465B500C3E51E /* Resources */,
				5730514C848DACC85823FA09 /* [CP] Embed Pods Frameworks */,
				26469083326B7464B3E72BF6 /* [CP] Copy Pods Resources */,
			);
			buildRules = (
			);
			dependencies = (
			);
			name = Flix;
			productName = Flix;
			productReference = E347EC0C200465B500C3E51E /* Flix.app */;
			productType = "com.apple.product-type.application";
		};
		E347EC1F200465B500C3E51E /* FlixTests */ = {
			isa = PBXNativeTarget;
			buildConfigurationList = E347EC37200465B500C3E51E /* Build configuration list for PBXNativeTarget "FlixTests" */;
			buildPhases = (
				06CE8CAB4785E4DE7A585FB6 /* [CP] Check Pods Manifest.lock */,
				E347EC1C200465B500C3E51E /* Sources */,
				E347EC1D200465B500C3E51E /* Frameworks */,
				E347EC1E200465B500C3E51E /* Resources */,
				4A39A5F0A86B70C90FA9B21A /* [CP] Embed Pods Frameworks */,
				E4F3B8F40B6BB766A07C88C9 /* [CP] Copy Pods Resources */,
			);
			buildRules = (
			);
			dependencies = (
				E347EC22200465B500C3E51E /* PBXTargetDependency */,
			);
			name = FlixTests;
			productName = FlixTests;
			productReference = E347EC20200465B500C3E51E /* FlixTests.xctest */;
			productType = "com.apple.product-type.bundle.unit-test";
		};
		E347EC2A200465B500C3E51E /* FlixUITests */ = {
			isa = PBXNativeTarget;
			buildConfigurationList = E347EC3A200465B500C3E51E /* Build configuration list for PBXNativeTarget "FlixUITests" */;
			buildPhases = (
				36A7B1D44D1CDA705D221D5E /* [CP] Check Pods Manifest.lock */,
				E347EC27200465B500C3E51E /* Sources */,
				E347EC28200465B500C3E51E /* Frameworks */,
				E347EC29200465B500C3E51E /* Resources */,
				77C4F93B25B705A866AC9233 /* [CP] Embed Pods Frameworks */,
				18D4B39854022A3A6F46953A /* [CP] Copy Pods Resources */,
			);
			buildRules = (
			);
			dependencies = (
				E347EC2D200465B500C3E51E /* PBXTargetDependency */,
			);
			name = FlixUITests;
			productName = FlixUITests;
			productReference = E347EC2B200465B500C3E51E /* FlixUITests.xctest */;
			productType = "com.apple.product-type.bundle.ui-testing";
		};
/* End PBXNativeTarget section */

/* Begin PBXProject section */
		E347EC04200465B500C3E51E /* Project object */ = {
			isa = PBXProject;
			attributes = {
				LastSwiftUpdateCheck = 0920;
				LastUpgradeCheck = 0920;
				ORGANIZATIONNAME = "Harjas Monga";
				TargetAttributes = {
					E347EC0B200465B500C3E51E = {
						CreatedOnToolsVersion = 9.2;
						ProvisioningStyle = Automatic;
					};
					E347EC1F200465B500C3E51E = {
						CreatedOnToolsVersion = 9.2;
						ProvisioningStyle = Automatic;
						TestTargetID = E347EC0B200465B500C3E51E;
					};
					E347EC2A200465B500C3E51E = {
						CreatedOnToolsVersion = 9.2;
						ProvisioningStyle = Automatic;
						TestTargetID = E347EC0B200465B500C3E51E;
					};
				};
			};
			buildConfigurationList = E347EC07200465B500C3E51E /* Build configuration list for PBXProject "Flix" */;
			compatibilityVersion = "Xcode 8.0";
			developmentRegion = en;
			hasScannedForEncodings = 0;
			knownRegions = (
				en,
				Base,
			);
			mainGroup = E347EC03200465B500C3E51E;
			productRefGroup = E347EC0D200465B500C3E51E /* Products */;
			projectDirPath = "";
			projectRoot = "";
			targets = (
				E347EC0B200465B500C3E51E /* Flix */,
				E347EC1F200465B500C3E51E /* FlixTests */,
				E347EC2A200465B500C3E51E /* FlixUITests */,
			);
		};
/* End PBXProject section */

/* Begin PBXResourcesBuildPhase section */
		E347EC0A200465B500C3E51E /* Resources */ = {
			isa = PBXResourcesBuildPhase;
			buildActionMask = 2147483647;
			files = (
				E347EC1A200465B500C3E51E /* LaunchScreen.storyboard in Resources */,
				E347EC17200465B500C3E51E /* Assets.xcassets in Resources */,
				E347EC15200465B500C3E51E /* Main.storyboard in Resources */,
			);
			runOnlyForDeploymentPostprocessing = 0;
		};
		E347EC1E200465B500C3E51E /* Resources */ = {
			isa = PBXResourcesBuildPhase;
			buildActionMask = 2147483647;
			files = (
			);
			runOnlyForDeploymentPostprocessing = 0;
		};
		E347EC29200465B500C3E51E /* Resources */ = {
			isa = PBXResourcesBuildPhase;
			buildActionMask = 2147483647;
			files = (
			);
			runOnlyForDeploymentPostprocessing = 0;
		};
/* End PBXResourcesBuildPhase section */

/* Begin PBXShellScriptBuildPhase section */
		06CE8CAB4785E4DE7A585FB6 /* [CP] Check Pods Manifest.lock */ = {
			isa = PBXShellScriptBuildPhase;
			buildActionMask = 2147483647;
			files = (
			);
			inputPaths = (
				"${PODS_PODFILE_DIR_PATH}/Podfile.lock",
				"${PODS_ROOT}/Manifest.lock",
			);
			name = "[CP] Check Pods Manifest.lock";
			outputPaths = (
				"$(DERIVED_FILE_DIR)/Pods-FlixTests-checkManifestLockResult.txt",
			);
			runOnlyForDeploymentPostprocessing = 0;
			shellPath = /bin/sh;
			shellScript = "diff \"${PODS_PODFILE_DIR_PATH}/Podfile.lock\" \"${PODS_ROOT}/Manifest.lock\" > /dev/null\nif [ $? != 0 ] ; then\n    # print error to STDERR\n    echo \"error: The sandbox is not in sync with the Podfile.lock. Run 'pod install' or update your CocoaPods installation.\" >&2\n    exit 1\nfi\n# This output is used by Xcode 'outputs' to avoid re-running this script phase.\necho \"SUCCESS\" > \"${SCRIPT_OUTPUT_FILE_0}\"\n";
			showEnvVarsInLog = 0;
		};
		18D4B39854022A3A6F46953A /* [CP] Copy Pods Resources */ = {
			isa = PBXShellScriptBuildPhase;
			buildActionMask = 2147483647;
			files = (
			);
			inputPaths = (
			);
			name = "[CP] Copy Pods Resources";
			outputPaths = (
			);
			runOnlyForDeploymentPostprocessing = 0;
			shellPath = /bin/sh;
			shellScript = "\"${SRCROOT}/Pods/Target Support Files/Pods-FlixUITests/Pods-FlixUITests-resources.sh\"\n";
			showEnvVarsInLog = 0;
		};
		26469083326B7464B3E72BF6 /* [CP] Copy Pods Resources */ = {
			isa = PBXShellScriptBuildPhase;
			buildActionMask = 2147483647;
			files = (
			);
			inputPaths = (
			);
			name = "[CP] Copy Pods Resources";
			outputPaths = (
			);
			runOnlyForDeploymentPostprocessing = 0;
			shellPath = /bin/sh;
			shellScript = "\"${SRCROOT}/Pods/Target Support Files/Pods-Flix/Pods-Flix-resources.sh\"\n";
			showEnvVarsInLog = 0;
		};
		36A7B1D44D1CDA705D221D5E /* [CP] Check Pods Manifest.lock */ = {
			isa = PBXShellScriptBuildPhase;
			buildActionMask = 2147483647;
			files = (
			);
			inputPaths = (
				"${PODS_PODFILE_DIR_PATH}/Podfile.lock",
				"${PODS_ROOT}/Manifest.lock",
			);
			name = "[CP] Check Pods Manifest.lock";
			outputPaths = (
				"$(DERIVED_FILE_DIR)/Pods-FlixUITests-checkManifestLockResult.txt",
			);
			runOnlyForDeploymentPostprocessing = 0;
			shellPath = /bin/sh;
			shellScript = "diff \"${PODS_PODFILE_DIR_PATH}/Podfile.lock\" \"${PODS_ROOT}/Manifest.lock\" > /dev/null\nif [ $? != 0 ] ; then\n    # print error to STDERR\n    echo \"error: The sandbox is not in sync with the Podfile.lock. Run 'pod install' or update your CocoaPods installation.\" >&2\n    exit 1\nfi\n# This output is used by Xcode 'outputs' to avoid re-running this script phase.\necho \"SUCCESS\" > \"${SCRIPT_OUTPUT_FILE_0}\"\n";
			showEnvVarsInLog = 0;
		};
		4A39A5F0A86B70C90FA9B21A /* [CP] Embed Pods Frameworks */ = {
			isa = PBXShellScriptBuildPhase;
			buildActionMask = 2147483647;
			files = (
			);
			inputPaths = (
			);
			name = "[CP] Embed Pods Frameworks";
			outputPaths = (
			);
			runOnlyForDeploymentPostprocessing = 0;
			shellPath = /bin/sh;
			shellScript = "\"${SRCROOT}/Pods/Target Support Files/Pods-FlixTests/Pods-FlixTests-frameworks.sh\"\n";
			showEnvVarsInLog = 0;
		};
		5730514C848DACC85823FA09 /* [CP] Embed Pods Frameworks */ = {
			isa = PBXShellScriptBuildPhase;
			buildActionMask = 2147483647;
			files = (
			);
			inputPaths = (
				"${SRCROOT}/Pods/Target Support Files/Pods-Flix/Pods-Flix-frameworks.sh",
				"${BUILT_PRODUCTS_DIR}/Alamofire/Alamofire.framework",
				"${BUILT_PRODUCTS_DIR}/AlamofireImage/AlamofireImage.framework",
				"${BUILT_PRODUCTS_DIR}/youtube-ios-player-helper/youtube_ios_player_helper.framework",
			);
			name = "[CP] Embed Pods Frameworks";
			outputPaths = (
				"${TARGET_BUILD_DIR}/${FRAMEWORKS_FOLDER_PATH}/Alamofire.framework",
				"${TARGET_BUILD_DIR}/${FRAMEWORKS_FOLDER_PATH}/AlamofireImage.framework",
				"${TARGET_BUILD_DIR}/${FRAMEWORKS_FOLDER_PATH}/youtube_ios_player_helper.framework",
			);
			runOnlyForDeploymentPostprocessing = 0;
			shellPath = /bin/sh;
			shellScript = "\"${SRCROOT}/Pods/Target Support Files/Pods-Flix/Pods-Flix-frameworks.sh\"\n";
			showEnvVarsInLog = 0;
		};
		77C4F93B25B705A866AC9233 /* [CP] Embed Pods Frameworks */ = {
			isa = PBXShellScriptBuildPhase;
			buildActionMask = 2147483647;
			files = (
			);
			inputPaths = (
			);
			name = "[CP] Embed Pods Frameworks";
			outputPaths = (
			);
			runOnlyForDeploymentPostprocessing = 0;
			shellPath = /bin/sh;
			shellScript = "\"${SRCROOT}/Pods/Target Support Files/Pods-FlixUITests/Pods-FlixUITests-frameworks.sh\"\n";
			showEnvVarsInLog = 0;
		};
		E4F3B8F40B6BB766A07C88C9 /* [CP] Copy Pods Resources */ = {
			isa = PBXShellScriptBuildPhase;
			buildActionMask = 2147483647;
			files = (
			);
			inputPaths = (
			);
			name = "[CP] Copy Pods Resources";
			outputPaths = (
			);
			runOnlyForDeploymentPostprocessing = 0;
			shellPath = /bin/sh;
			shellScript = "\"${SRCROOT}/Pods/Target Support Files/Pods-FlixTests/Pods-FlixTests-resources.sh\"\n";
			showEnvVarsInLog = 0;
		};
		F648506CD1E39C7BE0CEF29D /* [CP] Check Pods Manifest.lock */ = {
			isa = PBXShellScriptBuildPhase;
			buildActionMask = 2147483647;
			files = (
			);
			inputPaths = (
				"${PODS_PODFILE_DIR_PATH}/Podfile.lock",
				"${PODS_ROOT}/Manifest.lock",
			);
			name = "[CP] Check Pods Manifest.lock";
			outputPaths = (
				"$(DERIVED_FILE_DIR)/Pods-Flix-checkManifestLockResult.txt",
			);
			runOnlyForDeploymentPostprocessing = 0;
			shellPath = /bin/sh;
			shellScript = "diff \"${PODS_PODFILE_DIR_PATH}/Podfile.lock\" \"${PODS_ROOT}/Manifest.lock\" > /dev/null\nif [ $? != 0 ] ; then\n    # print error to STDERR\n    echo \"error: The sandbox is not in sync with the Podfile.lock. Run 'pod install' or update your CocoaPods installation.\" >&2\n    exit 1\nfi\n# This output is used by Xcode 'outputs' to avoid re-running this script phase.\necho \"SUCCESS\" > \"${SCRIPT_OUTPUT_FILE_0}\"\n";
			showEnvVarsInLog = 0;
		};
/* End PBXShellScriptBuildPhase section */

/* Begin PBXSourcesBuildPhase section */
		E347EC08200465B500C3E51E /* Sources */ = {
			isa = PBXSourcesBuildPhase;
			buildActionMask = 2147483647;
			files = (
				E347EC12200465B500C3E51E /* ViewController.swift in Sources */,
				E3A36AD92013EBDE00DCAC28 /* PosterCell.swift in Sources */,
				E3A36ADD201469E900DCAC28 /* TrailerViewController.swift in Sources */,
				E3A36ADB2013EC7B00DCAC28 /* SuperheroViewController.swift in Sources */,
				E347EC10200465B500C3E51E /* AppDelegate.swift in Sources */,
				E347EC3E20046D0200C3E51E /* MovieCell.swift in Sources */,
				E3B611D5200EF32200D38A33 /* DetailViewController.swift in Sources */,
			);
			runOnlyForDeploymentPostprocessing = 0;
		};
		E347EC1C200465B500C3E51E /* Sources */ = {
			isa = PBXSourcesBuildPhase;
			buildActionMask = 2147483647;
			files = (
				E347EC25200465B500C3E51E /* FlixTests.swift in Sources */,
			);
			runOnlyForDeploymentPostprocessing = 0;
		};
		E347EC27200465B500C3E51E /* Sources */ = {
			isa = PBXSourcesBuildPhase;
			buildActionMask = 2147483647;
			files = (
				E347EC30200465B500C3E51E /* FlixUITests.swift in Sources */,
			);
			runOnlyForDeploymentPostprocessing = 0;
		};
/* End PBXSourcesBuildPhase section */

/* Begin PBXTargetDependency section */
		E347EC22200465B500C3E51E /* PBXTargetDependency */ = {
			isa = PBXTargetDependency;
			target = E347EC0B200465B500C3E51E /* Flix */;
			targetProxy = E347EC21200465B500C3E51E /* PBXContainerItemProxy */;
		};
		E347EC2D200465B500C3E51E /* PBXTargetDependency */ = {
			isa = PBXTargetDependency;
			target = E347EC0B200465B500C3E51E /* Flix */;
			targetProxy = E347EC2C200465B500C3E51E /* PBXContainerItemProxy */;
		};
/* End PBXTargetDependency section */

/* Begin PBXVariantGroup section */
		E347EC13200465B500C3E51E /* Main.storyboard */ = {
			isa = PBXVariantGroup;
			children = (
				E347EC14200465B500C3E51E /* Base */,
			);
			name = Main.storyboard;
			sourceTree = "<group>";
		};
		E347EC18200465B500C3E51E /* LaunchScreen.storyboard */ = {
			isa = PBXVariantGroup;
			children = (
				E347EC19200465B500C3E51E /* Base */,
			);
			name = LaunchScreen.storyboard;
			sourceTree = "<group>";
		};
/* End PBXVariantGroup section */

/* Begin XCBuildConfiguration section */
		E347EC32200465B500C3E51E /* Debug */ = {
			isa = XCBuildConfiguration;
			buildSettings = {
				ALWAYS_SEARCH_USER_PATHS = NO;
				CLANG_ANALYZER_NONNULL = YES;
				CLANG_ANALYZER_NUMBER_OBJECT_CONVERSION = YES_AGGRESSIVE;
				CLANG_CXX_LANGUAGE_STANDARD = "gnu++14";
				CLANG_CXX_LIBRARY = "libc++";
				CLANG_ENABLE_MODULES = YES;
				CLANG_ENABLE_OBJC_ARC = YES;
				CLANG_WARN_BLOCK_CAPTURE_AUTORELEASING = YES;
				CLANG_WARN_BOOL_CONVERSION = YES;
				CLANG_WARN_COMMA = YES;
				CLANG_WARN_CONSTANT_CONVERSION = YES;
				CLANG_WARN_DIRECT_OBJC_ISA_USAGE = YES_ERROR;
				CLANG_WARN_DOCUMENTATION_COMMENTS = YES;
				CLANG_WARN_EMPTY_BODY = YES;
				CLANG_WARN_ENUM_CONVERSION = YES;
				CLANG_WARN_INFINITE_RECURSION = YES;
				CLANG_WARN_INT_CONVERSION = YES;
				CLANG_WARN_NON_LITERAL_NULL_CONVERSION = YES;
				CLANG_WARN_OBJC_LITERAL_CONVERSION = YES;
				CLANG_WARN_OBJC_ROOT_CLASS = YES_ERROR;
				CLANG_WARN_RANGE_LOOP_ANALYSIS = YES;
				CLANG_WARN_STRICT_PROTOTYPES = YES;
				CLANG_WARN_SUSPICIOUS_MOVE = YES;
				CLANG_WARN_UNGUARDED_AVAILABILITY = YES_AGGRESSIVE;
				CLANG_WARN_UNREACHABLE_CODE = YES;
				CLANG_WARN__DUPLICATE_METHOD_MATCH = YES;
				CODE_SIGN_IDENTITY = "iPhone Developer";
				COPY_PHASE_STRIP = NO;
				DEBUG_INFORMATION_FORMAT = dwarf;
				ENABLE_STRICT_OBJC_MSGSEND = YES;
				ENABLE_TESTABILITY = YES;
				GCC_C_LANGUAGE_STANDARD = gnu11;
				GCC_DYNAMIC_NO_PIC = NO;
				GCC_NO_COMMON_BLOCKS = YES;
				GCC_OPTIMIZATION_LEVEL = 0;
				GCC_PREPROCESSOR_DEFINITIONS = (
					"DEBUG=1",
					"$(inherited)",
				);
				GCC_WARN_64_TO_32_BIT_CONVERSION = YES;
				GCC_WARN_ABOUT_RETURN_TYPE = YES_ERROR;
				GCC_WARN_UNDECLARED_SELECTOR = YES;
				GCC_WARN_UNINITIALIZED_AUTOS = YES_AGGRESSIVE;
				GCC_WARN_UNUSED_FUNCTION = YES;
				GCC_WARN_UNUSED_VARIABLE = YES;
				IPHONEOS_DEPLOYMENT_TARGET = 11.2;
				MTL_ENABLE_DEBUG_INFO = YES;
				ONLY_ACTIVE_ARCH = YES;
				SDKROOT = iphoneos;
				SWIFT_ACTIVE_COMPILATION_CONDITIONS = DEBUG;
				SWIFT_OPTIMIZATION_LEVEL = "-Onone";
			};
			name = Debug;
		};
		E347EC33200465B500C3E51E /* Release */ = {
			isa = XCBuildConfiguration;
			buildSettings = {
				ALWAYS_SEARCH_USER_PATHS = NO;
				CLANG_ANALYZER_NONNULL = YES;
				CLANG_ANALYZER_NUMBER_OBJECT_CONVERSION = YES_AGGRESSIVE;
				CLANG_CXX_LANGUAGE_STANDARD = "gnu++14";
				CLANG_CXX_LIBRARY = "libc++";
				CLANG_ENABLE_MODULES = YES;
				CLANG_ENABLE_OBJC_ARC = YES;
				CLANG_WARN_BLOCK_CAPTURE_AUTORELEASING = YES;
				CLANG_WARN_BOOL_CONVERSION = YES;
				CLANG_WARN_COMMA = YES;
				CLANG_WARN_CONSTANT_CONVERSION = YES;
				CLANG_WARN_DIRECT_OBJC_ISA_USAGE = YES_ERROR;
				CLANG_WARN_DOCUMENTATION_COMMENTS = YES;
				CLANG_WARN_EMPTY_BODY = YES;
				CLANG_WARN_ENUM_CONVERSION = YES;
				CLANG_WARN_INFINITE_RECURSION = YES;
				CLANG_WARN_INT_CONVERSION = YES;
				CLANG_WARN_NON_LITERAL_NULL_CONVERSION = YES;
				CLANG_WARN_OBJC_LITERAL_CONVERSION = YES;
				CLANG_WARN_OBJC_ROOT_CLASS = YES_ERROR;
				CLANG_WARN_RANGE_LOOP_ANALYSIS = YES;
				CLANG_WARN_STRICT_PROTOTYPES = YES;
				CLANG_WARN_SUSPICIOUS_MOVE = YES;
				CLANG_WARN_UNGUARDED_AVAILABILITY = YES_AGGRESSIVE;
				CLANG_WARN_UNREACHABLE_CODE = YES;
				CLANG_WARN__DUPLICATE_METHOD_MATCH = YES;
				CODE_SIGN_IDENTITY = "iPhone Developer";
				COPY_PHASE_STRIP = NO;
				DEBUG_INFORMATION_FORMAT = "dwarf-with-dsym";
				ENABLE_NS_ASSERTIONS = NO;
				ENABLE_STRICT_OBJC_MSGSEND = YES;
				GCC_C_LANGUAGE_STANDARD = gnu11;
				GCC_NO_COMMON_BLOCKS = YES;
				GCC_WARN_64_TO_32_BIT_CONVERSION = YES;
				GCC_WARN_ABOUT_RETURN_TYPE = YES_ERROR;
				GCC_WARN_UNDECLARED_SELECTOR = YES;
				GCC_WARN_UNINITIALIZED_AUTOS = YES_AGGRESSIVE;
				GCC_WARN_UNUSED_FUNCTION = YES;
				GCC_WARN_UNUSED_VARIABLE = YES;
				IPHONEOS_DEPLOYMENT_TARGET = 11.2;
				MTL_ENABLE_DEBUG_INFO = NO;
				SDKROOT = iphoneos;
				SWIFT_OPTIMIZATION_LEVEL = "-Owholemodule";
				VALIDATE_PRODUCT = YES;
			};
			name = Release;
		};
		E347EC35200465B500C3E51E /* Debug */ = {
			isa = XCBuildConfiguration;
			baseConfigurationReference = 4514A5A67E3F5055CF2E9491 /* Pods-Flix.debug.xcconfig */;
			buildSettings = {
				ASSETCATALOG_COMPILER_APPICON_NAME = AppIcon;
				CODE_SIGN_STYLE = Automatic;
				DEVELOPMENT_TEAM = 58S676664G;
				INFOPLIST_FILE = Flix/Info.plist;
				LD_RUNPATH_SEARCH_PATHS = "$(inherited) @executable_path/Frameworks";
				PRODUCT_BUNDLE_IDENTIFIER = harjasmonga.Flix;
				PRODUCT_NAME = "$(TARGET_NAME)";
				"SWIFT_OBJC_BRIDGING_HEADER[arch=*]" = "Flix/Flix-Bridging-Header.h";
				SWIFT_VERSION = 4.0;
				TARGETED_DEVICE_FAMILY = "1,2";
			};
			name = Debug;
		};
		E347EC36200465B500C3E51E /* Release */ = {
			isa = XCBuildConfiguration;
			baseConfigurationReference = 057D57E2D2ADC5553446DC0E /* Pods-Flix.release.xcconfig */;
			buildSettings = {
				ASSETCATALOG_COMPILER_APPICON_NAME = AppIcon;
				CODE_SIGN_STYLE = Automatic;
				DEVELOPMENT_TEAM = 58S676664G;
				INFOPLIST_FILE = Flix/Info.plist;
				LD_RUNPATH_SEARCH_PATHS = "$(inherited) @executable_path/Frameworks";
				PRODUCT_BUNDLE_IDENTIFIER = harjasmonga.Flix;
				PRODUCT_NAME = "$(TARGET_NAME)";
				"SWIFT_OBJC_BRIDGING_HEADER[arch=*]" = "Flix/Flix-Bridging-Header.h";
				SWIFT_VERSION = 4.0;
				TARGETED_DEVICE_FAMILY = "1,2";
			};
			name = Release;
		};
		E347EC38200465B500C3E51E /* Debug */ = {
			isa = XCBuildConfiguration;
			baseConfigurationReference = E95BB1FD7BB77514D2910E5F /* Pods-FlixTests.debug.xcconfig */;
			buildSettings = {
				ALWAYS_EMBED_SWIFT_STANDARD_LIBRARIES = YES;
				BUNDLE_LOADER = "$(TEST_HOST)";
				CODE_SIGN_STYLE = Automatic;
				DEVELOPMENT_TEAM = 58S676664G;
				INFOPLIST_FILE = FlixTests/Info.plist;
				LD_RUNPATH_SEARCH_PATHS = "$(inherited) @executable_path/Frameworks @loader_path/Frameworks";
				PRODUCT_BUNDLE_IDENTIFIER = harjasmonga.FlixTests;
				PRODUCT_NAME = "$(TARGET_NAME)";
				SWIFT_VERSION = 4.0;
				TARGETED_DEVICE_FAMILY = "1,2";
				TEST_HOST = "$(BUILT_PRODUCTS_DIR)/Flix.app/Flix";
			};
			name = Debug;
		};
		E347EC39200465B500C3E51E /* Release */ = {
			isa = XCBuildConfiguration;
			baseConfigurationReference = 6FB65F13E92D1CFFA1A0EF61 /* Pods-FlixTests.release.xcconfig */;
			buildSettings = {
				ALWAYS_EMBED_SWIFT_STANDARD_LIBRARIES = YES;
				BUNDLE_LOADER = "$(TEST_HOST)";
				CODE_SIGN_STYLE = Automatic;
				DEVELOPMENT_TEAM = 58S676664G;
				INFOPLIST_FILE = FlixTests/Info.plist;
				LD_RUNPATH_SEARCH_PATHS = "$(inherited) @executable_path/Frameworks @loader_path/Frameworks";
				PRODUCT_BUNDLE_IDENTIFIER = harjasmonga.FlixTests;
				PRODUCT_NAME = "$(TARGET_NAME)";
				SWIFT_VERSION = 4.0;
				TARGETED_DEVICE_FAMILY = "1,2";
				TEST_HOST = "$(BUILT_PRODUCTS_DIR)/Flix.app/Flix";
			};
			name = Release;
		};
		E347EC3B200465B500C3E51E /* Debug */ = {
			isa = XCBuildConfiguration;
			baseConfigurationReference = A37F70CD5005C7898FAC3885 /* Pods-FlixUITests.debug.xcconfig */;
			buildSettings = {
				ALWAYS_EMBED_SWIFT_STANDARD_LIBRARIES = YES;
				CODE_SIGN_STYLE = Automatic;
				DEVELOPMENT_TEAM = 58S676664G;
				INFOPLIST_FILE = FlixUITests/Info.plist;
				LD_RUNPATH_SEARCH_PATHS = "$(inherited) @executable_path/Frameworks @loader_path/Frameworks";
				PRODUCT_BUNDLE_IDENTIFIER = harjasmonga.FlixUITests;
				PRODUCT_NAME = "$(TARGET_NAME)";
				SWIFT_VERSION = 4.0;
				TARGETED_DEVICE_FAMILY = "1,2";
				TEST_TARGET_NAME = Flix;
			};
			name = Debug;
		};
		E347EC3C200465B500C3E51E /* Release */ = {
			isa = XCBuildConfiguration;
			baseConfigurationReference = 9DCB2B08133796B77C5F86E6 /* Pods-FlixUITests.release.xcconfig */;
			buildSettings = {
				ALWAYS_EMBED_SWIFT_STANDARD_LIBRARIES = YES;
				CODE_SIGN_STYLE = Automatic;
				DEVELOPMENT_TEAM = 58S676664G;
				INFOPLIST_FILE = FlixUITests/Info.plist;
				LD_RUNPATH_SEARCH_PATHS = "$(inherited) @executable_path/Frameworks @loader_path/Frameworks";
				PRODUCT_BUNDLE_IDENTIFIER = harjasmonga.FlixUITests;
				PRODUCT_NAME = "$(TARGET_NAME)";
				SWIFT_VERSION = 4.0;
				TARGETED_DEVICE_FAMILY = "1,2";
				TEST_TARGET_NAME = Flix;
			};
			name = Release;
		};
/* End XCBuildConfiguration section */

/* Begin XCConfigurationList section */
		E347EC07200465B500C3E51E /* Build configuration list for PBXProject "Flix" */ = {
			isa = XCConfigurationList;
			buildConfigurations = (
				E347EC32200465B500C3E51E /* Debug */,
				E347EC33200465B500C3E51E /* Release */,
			);
			defaultConfigurationIsVisible = 0;
			defaultConfigurationName = Release;
		};
		E347EC34200465B500C3E51E /* Build configuration list for PBXNativeTarget "Flix" */ = {
			isa = XCConfigurationList;
			buildConfigurations = (
				E347EC35200465B500C3E51E /* Debug */,
				E347EC36200465B500C3E51E /* Release */,
			);
			defaultConfigurationIsVisible = 0;
			defaultConfigurationName = Release;
		};
		E347EC37200465B500C3E51E /* Build configuration list for PBXNativeTarget "FlixTests" */ = {
			isa = XCConfigurationList;
			buildConfigurations = (
				E347EC38200465B500C3E51E /* Debug */,
				E347EC39200465B500C3E51E /* Release */,
			);
			defaultConfigurationIsVisible = 0;
			defaultConfigurationName = Release;
		};
		E347EC3A200465B500C3E51E /* Build configuration list for PBXNativeTarget "FlixUITests" */ = {
			isa = XCConfigurationList;
			buildConfigurations = (
				E347EC3B200465B500C3E51E /* Debug */,
				E347EC3C200465B500C3E51E /* Release */,
			);
			defaultConfigurationIsVisible = 0;
			defaultConfigurationName = Release;
		};
/* End XCConfigurationList section */
	};
	rootObject = E347EC04200465B500C3E51E /* Project object */;
}
